# THIS IS AN AUTOGENERATED FILE. DO NOT EDIT THIS FILE DIRECTLY.
# yarn lockfile v1


"@mantine/form@^5.9.5":
  version "5.9.5"
  resolved "https://registry.yarnpkg.com/@mantine/form/-/form-5.9.5.tgz#d035cbcd0497ef1ae2b9405112c0076a2189a680"
  integrity sha512-paOJggdQR+KGUtpCW3inH8hu12TwHMwDrOmMbqgaWuuRuwY+kZUnLtf7akLLnwH/C9S/YsDJ9B9QGHaQElilFw==
  dependencies:
    fast-deep-equal "^3.1.3"
    klona "^2.0.5"

fast-deep-equal@^3.1.3:
  version "3.1.3"
  resolved "https://registry.yarnpkg.com/fast-deep-equal/-/fast-deep-equal-3.1.3.tgz#3a7d56b559d6cbc3eb512325244e619a65c6c525"
  integrity sha512-f3qQ9oQy9j2AhBe/H9VC91wLmKBCCU/gDOnKNAYG5hswO7BLKj09Hc5HYNz9cGI++xlpDCIgDaitVs03ATR84Q==

klona@^2.0.5:
  version "2.0.5"
  resolved "https://registry.yarnpkg.com/klona/-/klona-2.0.5.tgz#d166574d90076395d9963aa7a928fabb8d76afbc"
  integrity sha512-pJiBpiXMbt7dkzXe8Ghj/u4FfXOOa98fPW+bihOJ4SjnoijweJrNThJfd3ifXpXhREjpoF2mZVH1GfS9LV3kHQ==
